
Microsoft Visual Studio Solution File, Format Version 12.00
# Visual Studio Version 16
VisualStudioVersion = 16.0.32002.261
MinimumVisualStudioVersion = 10.0.40219.1
Project("{FAE04EC0-301F-11D3-BF4B-00C04F79EFBC}") = "abstrak", "abstrak\abstrak.csproj", "{8DDA3D83-9744-462F-9783-F1D807E08917}"
EndProject
Project("{FAE04EC0-301F-11D3-BF4B-00C04F79EFBC}") = "Ornek", "Ornek\Ornek.csproj", "{BD6A9BF4-5F6A-44C8-9E9C-FE1903DBDF64}"
EndProject
Project("{FAE04EC0-301F-11D3-BF4B-00C04F79EFBC}") = "İNTERFACE", "İNTERFACE\İNTERFACE.csproj", "{59E02774-EDAE-4758-BAFD-AC01A8C378FC}"
EndProject
Project("{FAE04EC0-301F-11D3-BF4B-00C04F79EFBC}") = "patialclass", "patialclass\patialclass.csproj", "{4C935473-B2E6-482C-AA1B-4027F1987645}"
EndProject
Global
	GlobalSection(SolutionConfigurationPlatforms) = preSolution
		Debug|Any CPU = Debug|Any CPU
		Release|Any CPU = Release|Any CPU
	EndGlobalSection
	GlobalSection(ProjectConfigurationPlatforms) = postSolution
		{8DDA3D83-9744-462F-9783-F1D807E08917}.Debug|Any CPU.ActiveCfg = Debug|Any CPU
		{8DDA3D83-9744-462F-9783-F1D807E08917}.Debug|Any CPU.Build.0 = Debug|Any CPU
		{8DDA3D83-9744-462F-9783-F1D807E08917}.Release|Any CPU.ActiveCfg = Release|Any CPU
		{8DDA3D83-9744-462F-9783-F1D807E08917}.Release|Any CPU.Build.0 = Release|Any CPU
		{BD6A9BF4-5F6A-44C8-9E9C-FE1903DBDF64}.Debug|Any CPU.ActiveCfg = Debug|Any CPU
		{BD6A9BF4-5F6A-44C8-9E9C-FE1903DBDF64}.Debug|Any CPU.Build.0 = Debug|Any CPU
		{BD6A9BF4-5F6A-44C8-9E9C-FE1903DBDF64}.Release|Any CPU.ActiveCfg = Release|Any CPU
		{BD6A9BF4-5F6A-44C8-9E9C-FE1903DBDF64}.Release|Any CPU.Build.0 = Release|Any CPU
		{59E02774-EDAE-4758-BAFD-AC01A8C378FC}.Debug|Any CPU.ActiveCfg = Debug|Any CPU
		{59E02774-EDAE-4758-BAFD-AC01A8C378FC}.Debug|Any CPU.Build.0 = Debug|Any CPU
		{59E02774-EDAE-4758-BAFD-AC01A8C378FC}.Release|Any CPU.ActiveCfg = Release|Any CPU
		{59E02774-EDAE-4758-BAFD-AC01A8C378FC}.Release|Any CPU.Build.0 = Release|Any CPU
		{4C935473-B2E6-482C-AA1B-4027F1987645}.Debug|Any CPU.ActiveCfg = Debug|Any CPU
		{4C935473-B2E6-482C-AA1B-4027F1987645}.Debug|Any CPU.Build.0 = Debug|Any CPU
		{4C935473-B2E6-482C-AA1B-4027F1987645}.Release|Any CPU.ActiveCfg = Release|Any CPU
		{4C935473-B2E6-482C-AA1B-4027F1987645}.Release|Any CPU.Build.0 = Release|Any CPU
	EndGlobalSection
	GlobalSection(SolutionProperties) = preSolution
		HideSolutionNode = FALSE
	EndGlobalSection
	GlobalSection(ExtensibilityGlobals) = postSolution
		SolutionGuid = {DA7AD447-EAD0-4880-8950-0B4E6F20F35E}
	EndGlobalSection
EndGlobal
